
Microsoft Visual Studio Solution File, Format Version 12.00
# Visual Studio Version 17
VisualStudioVersion = 17.7.34031.279
MinimumVisualStudioVersion = 10.0.40219.1
Project("{FAE04EC0-301F-11D3-BF4B-00C04F79EFBC}") = "ampare-backend", "ampare-backend.csproj", "{114E4D4E-A54F-4EBE-8865-962FE5FB749E}"
EndProject
Global
	GlobalSection(SolutionConfigurationPlatforms) = preSolution
		Debug|Any CPU = Debug|Any CPU
		Release|Any CPU = Release|Any CPU
	EndGlobalSection
	GlobalSection(ProjectConfigurationPlatforms) = postSolution
		{114E4D4E-A54F-4EBE-8865-962FE5FB749E}.Debug|Any CPU.ActiveCfg = Debug|Any CPU
		{114E4D4E-A54F-4EBE-8865-962FE5FB749E}.Debug|Any CPU.Build.0 = Debug|Any CPU
		{114E4D4E-A54F-4EBE-8865-962FE5FB749E}.Release|Any CPU.ActiveCfg = Release|Any CPU
		{114E4D4E-A54F-4EBE-8865-962FE5FB749E}.Release|Any CPU.Build.0 = Release|Any CPU
	EndGlobalSection
	GlobalSection(SolutionProperties) = preSolution
		HideSolutionNode = FALSE
	EndGlobalSection
	GlobalSection(ExtensibilityGlobals) = postSolution
		SolutionGuid = {E17965D5-32BE-4057-809F-E2F68FAC475E}
	EndGlobalSection
EndGlobal
